
Microsoft Visual Studio Solution File, Format Version 12.00
# Visual Studio Version 17
VisualStudioVersion = 17.8.34330.188
MinimumVisualStudioVersion = 10.0.40219.1
Project("{FAE04EC0-301F-11D3-BF4B-00C04F79EFBC}") = "AACSharp_Assignment_Simple_Calculator", "AACSharp_Assignment_Simple_Calculator\AACSharp_Assignment_Simple_Calculator.csproj", "{A472EC5A-D31A-40CC-A078-CCED8F93CC50}"
EndProject
Global
	GlobalSection(SolutionConfigurationPlatforms) = preSolution
		Debug|Any CPU = Debug|Any CPU
		Release|Any CPU = Release|Any CPU
	EndGlobalSection
	GlobalSection(ProjectConfigurationPlatforms) = postSolution
		{A472EC5A-D31A-40CC-A078-CCED8F93CC50}.Debug|Any CPU.ActiveCfg = Debug|Any CPU
		{A472EC5A-D31A-40CC-A078-CCED8F93CC50}.Debug|Any CPU.Build.0 = Debug|Any CPU
		{A472EC5A-D31A-40CC-A078-CCED8F93CC50}.Release|Any CPU.ActiveCfg = Release|Any CPU
		{A472EC5A-D31A-40CC-A078-CCED8F93CC50}.Release|Any CPU.Build.0 = Release|Any CPU
	EndGlobalSection
	GlobalSection(SolutionProperties) = preSolution
		HideSolutionNode = FALSE
	EndGlobalSection
	GlobalSection(ExtensibilityGlobals) = postSolution
		SolutionGuid = {6855901A-CC64-410E-B664-F01DE3A36365}
	EndGlobalSection
EndGlobal
